
Microsoft Visual Studio Solution File, Format Version 12.00
# Visual Studio 2013
VisualStudioVersion = 12.0.21005.1
MinimumVisualStudioVersion = 10.0.40219.1
Project("{FAE04EC0-301F-11D3-BF4B-00C04F79EFBC}") = "WebApplication1", "WebApplication1\WebApplication1.csproj", "{42B46B62-D893-45BD-854F-B7EF222DBA2A}"
EndProject
Project("{FAE04EC0-301F-11D3-BF4B-00C04F79EFBC}") = "WebApplication1.Tests", "WebApplication1.Tests\WebApplication1.Tests.csproj", "{F788D76D-48E6-43BD-B0F9-EAF79D5FA418}"
EndProject
Global
	GlobalSection(SolutionConfigurationPlatforms) = preSolution
		Debug|Any CPU = Debug|Any CPU
		Release|Any CPU = Release|Any CPU
	EndGlobalSection
	GlobalSection(ProjectConfigurationPlatforms) = postSolution
		{42B46B62-D893-45BD-854F-B7EF222DBA2A}.Debug|Any CPU.ActiveCfg = Debug|Any CPU
		{42B46B62-D893-45BD-854F-B7EF222DBA2A}.Debug|Any CPU.Build.0 = Debug|Any CPU
		{42B46B62-D893-45BD-854F-B7EF222DBA2A}.Release|Any CPU.ActiveCfg = Release|Any CPU
		{42B46B62-D893-45BD-854F-B7EF222DBA2A}.Release|Any CPU.Build.0 = Release|Any CPU
		{F788D76D-48E6-43BD-B0F9-EAF79D5FA418}.Debug|Any CPU.ActiveCfg = Debug|Any CPU
		{F788D76D-48E6-43BD-B0F9-EAF79D5FA418}.Debug|Any CPU.Build.0 = Debug|Any CPU
		{F788D76D-48E6-43BD-B0F9-EAF79D5FA418}.Release|Any CPU.ActiveCfg = Release|Any CPU
		{F788D76D-48E6-43BD-B0F9-EAF79D5FA418}.Release|Any CPU.Build.0 = Release|Any CPU
	EndGlobalSection
	GlobalSection(SolutionProperties) = preSolution
		HideSolutionNode = FALSE
	EndGlobalSection
EndGlobal
