
Microsoft Visual Studio Solution File, Format Version 12.00
# Visual Studio 2013
VisualStudioVersion = 12.0.21005.1
MinimumVisualStudioVersion = 10.0.40219.1
Project("{FAE04EC0-301F-11D3-BF4B-00C04F79EFBC}") = "WebApplication3", "WebApplication3\WebApplication3.csproj", "{46179272-61AE-4529-A36D-1DE9EA689D1C}"
EndProject
Project("{FAE04EC0-301F-11D3-BF4B-00C04F79EFBC}") = "WebApplication3.Tests", "WebApplication3.Tests\WebApplication3.Tests.csproj", "{6B17AC11-F557-498E-803F-18D3EBD5141C}"
EndProject
Global
	GlobalSection(SolutionConfigurationPlatforms) = preSolution
		Debug|Any CPU = Debug|Any CPU
		Release|Any CPU = Release|Any CPU
	EndGlobalSection
	GlobalSection(ProjectConfigurationPlatforms) = postSolution
		{46179272-61AE-4529-A36D-1DE9EA689D1C}.Debug|Any CPU.ActiveCfg = Debug|Any CPU
		{46179272-61AE-4529-A36D-1DE9EA689D1C}.Debug|Any CPU.Build.0 = Debug|Any CPU
		{46179272-61AE-4529-A36D-1DE9EA689D1C}.Release|Any CPU.ActiveCfg = Release|Any CPU
		{46179272-61AE-4529-A36D-1DE9EA689D1C}.Release|Any CPU.Build.0 = Release|Any CPU
		{6B17AC11-F557-498E-803F-18D3EBD5141C}.Debug|Any CPU.ActiveCfg = Debug|Any CPU
		{6B17AC11-F557-498E-803F-18D3EBD5141C}.Debug|Any CPU.Build.0 = Debug|Any CPU
		{6B17AC11-F557-498E-803F-18D3EBD5141C}.Release|Any CPU.ActiveCfg = Release|Any CPU
		{6B17AC11-F557-498E-803F-18D3EBD5141C}.Release|Any CPU.Build.0 = Release|Any CPU
	EndGlobalSection
	GlobalSection(SolutionProperties) = preSolution
		HideSolutionNode = FALSE
	EndGlobalSection
EndGlobal
